
Microsoft Visual Studio Solution File, Format Version 12.00
# Visual Studio Version 17
VisualStudioVersion = 17.9.34728.123
MinimumVisualStudioVersion = 10.0.40219.1
Project("{FAE04EC0-301F-11D3-BF4B-00C04F79EFBC}") = "TaskApp", "TaskApp\TaskApp.csproj", "{8F16E49D-AF50-4783-B7F2-A66EC70F68DA}"
EndProject
Project("{2150E333-8FDC-42A3-9474-1A3956D46DE8}") = "Solution Items", "Solution Items", "{749DE1D3-49E4-4CA8-8E11-4C8C90D9000F}"
	ProjectSection(SolutionItems) = preProject
		.editorconfig = .editorconfig
	EndProjectSection
EndProject
Global
	GlobalSection(SolutionConfigurationPlatforms) = preSolution
		Debug|Any CPU = Debug|Any CPU
		Release|Any CPU = Release|Any CPU
	EndGlobalSection
	GlobalSection(ProjectConfigurationPlatforms) = postSolution
		{8F16E49D-AF50-4783-B7F2-A66EC70F68DA}.Debug|Any CPU.ActiveCfg = Debug|Any CPU
		{8F16E49D-AF50-4783-B7F2-A66EC70F68DA}.Debug|Any CPU.Build.0 = Debug|Any CPU
		{8F16E49D-AF50-4783-B7F2-A66EC70F68DA}.Release|Any CPU.ActiveCfg = Release|Any CPU
		{8F16E49D-AF50-4783-B7F2-A66EC70F68DA}.Release|Any CPU.Build.0 = Release|Any CPU
	EndGlobalSection
	GlobalSection(SolutionProperties) = preSolution
		HideSolutionNode = FALSE
	EndGlobalSection
	GlobalSection(ExtensibilityGlobals) = postSolution
		SolutionGuid = {237C8428-038F-4D79-A722-D6E381D231BB}
	EndGlobalSection
EndGlobal
